
Microsoft Visual Studio Solution File, Format Version 12.00
# Visual Studio Version 17
VisualStudioVersion = 17.13.35913.81 d17.13
MinimumVisualStudioVersion = 10.0.40219.1
Project("{FAE04EC0-301F-11D3-BF4B-00C04F79EFBC}") = "poji", "poji.csproj", "{4CDCFF83-34D4-41D3-A7A5-7AA665931740}"
EndProject
Global
	GlobalSection(SolutionConfigurationPlatforms) = preSolution
		Debug|Any CPU = Debug|Any CPU
		Release|Any CPU = Release|Any CPU
	EndGlobalSection
	GlobalSection(ProjectConfigurationPlatforms) = postSolution
		{4CDCFF83-34D4-41D3-A7A5-7AA665931740}.Debug|Any CPU.ActiveCfg = Debug|Any CPU
		{4CDCFF83-34D4-41D3-A7A5-7AA665931740}.Debug|Any CPU.Build.0 = Debug|Any CPU
		{4CDCFF83-34D4-41D3-A7A5-7AA665931740}.Release|Any CPU.ActiveCfg = Release|Any CPU
		{4CDCFF83-34D4-41D3-A7A5-7AA665931740}.Release|Any CPU.Build.0 = Release|Any CPU
	EndGlobalSection
	GlobalSection(SolutionProperties) = preSolution
		HideSolutionNode = FALSE
	EndGlobalSection
	GlobalSection(ExtensibilityGlobals) = postSolution
		SolutionGuid = {BCECD281-2A4C-4F40-BD54-E14599891DE9}
	EndGlobalSection
EndGlobal
